
Microsoft Visual Studio Solution File, Format Version 12.00
# Visual Studio Version 16
VisualStudioVersion = 16.0.28803.202
MinimumVisualStudioVersion = 10.0.40219.1
Project("{FAE04EC0-301F-11D3-BF4B-00C04F79EFBC}") = "Phone Number Sort", "Phone Number Sort\Phone Number Sort.csproj", "{FABD9825-DB65-4897-880E-05929AE9CA94}"
EndProject
Global
	GlobalSection(SolutionConfigurationPlatforms) = preSolution
		Debug|Any CPU = Debug|Any CPU
		Release|Any CPU = Release|Any CPU
	EndGlobalSection
	GlobalSection(ProjectConfigurationPlatforms) = postSolution
		{FABD9825-DB65-4897-880E-05929AE9CA94}.Debug|Any CPU.ActiveCfg = Debug|Any CPU
		{FABD9825-DB65-4897-880E-05929AE9CA94}.Debug|Any CPU.Build.0 = Debug|Any CPU
		{FABD9825-DB65-4897-880E-05929AE9CA94}.Release|Any CPU.ActiveCfg = Release|Any CPU
		{FABD9825-DB65-4897-880E-05929AE9CA94}.Release|Any CPU.Build.0 = Release|Any CPU
	EndGlobalSection
	GlobalSection(SolutionProperties) = preSolution
		HideSolutionNode = FALSE
	EndGlobalSection
	GlobalSection(ExtensibilityGlobals) = postSolution
		SolutionGuid = {70FD90E3-1B49-4B59-BE8C-307A7FE20DCA}
	EndGlobalSection
EndGlobal
